// !$*UTF8*$!
{
	archiveVersion = 1;
	classes = {
	};
	objectVersion = 50;
	objects = {

/* Begin PBXBuildFile section */
		DB3077C021B6BF8F00CC9D51 /* TestMain.swift in Sources */ = {isa = PBXBuildFile; fileRef = DB3077BF21B6BF8F00CC9D51 /* TestMain.swift */; };
		DB3077C221B6CB6000CC9D51 /* Argent.swift in Sources */ = {isa = PBXBuildFile; fileRef = DB3077C121B6CB6000CC9D51 /* Argent.swift */; };
		DB4B572421A44A5E00FE8E44 /* AppDelegate.swift in Sources */ = {isa = PBXBuildFile; fileRef = DB4B572321A44A5E00FE8E44 /* AppDelegate.swift */; };
		DB4B572921A44A5F00FE8E44 /* MainMenu.xib in Resources */ = {isa = PBXBuildFile; fileRef = DB4B572721A44A5F00FE8E44 /* MainMenu.xib */; };
		DB4B573521A44A6000FE8E44 /* TP5Tests.swift in Sources */ = {isa = PBXBuildFile; fileRef = DB4B573421A44A6000FE8E44 /* TP5Tests.swift */; };
		DB4B574021A44A6000FE8E44 /* TP5UITests.swift in Sources */ = {isa = PBXBuildFile; fileRef = DB4B573F21A44A6000FE8E44 /* TP5UITests.swift */; };
		DB4B574E21A44A9100FE8E44 /* Paquet.swift in Sources */ = {isa = PBXBuildFile; fileRef = DB4B574D21A44A9100FE8E44 /* Paquet.swift */; };
		DB4B575021A44A9F00FE8E44 /* Carte.swift in Sources */ = {isa = PBXBuildFile; fileRef = DB4B574F21A44A9F00FE8E44 /* Carte.swift */; };
		DB4B575221A44AC600FE8E44 /* Assets.xcassets in Resources */ = {isa = PBXBuildFile; fileRef = DB4B575121A44AC600FE8E44 /* Assets.xcassets */; };
		DB4B575421A44BB400FE8E44 /* CarteView.swift in Sources */ = {isa = PBXBuildFile; fileRef = DB4B575321A44BB400FE8E44 /* CarteView.swift */; };
		DB4B74ED21AD836800AFF3D3 /* TapisValues.swift in Sources */ = {isa = PBXBuildFile; fileRef = DB4B74EC21AD836800AFF3D3 /* TapisValues.swift */; };
/* End PBXBuildFile section */

/* Begin PBXContainerItemProxy section */
		DB4B573121A44A6000FE8E44 /* PBXContainerItemProxy */ = {
			isa = PBXContainerItemProxy;
			containerPortal = DB4B571821A44A5E00FE8E44 /* Project object */;
			proxyType = 1;
			remoteGlobalIDString = DB4B571F21A44A5E00FE8E44;
			remoteInfo = TP5;
		};
		DB4B573C21A44A6000FE8E44 /* PBXContainerItemProxy */ = {
			isa = PBXContainerItemProxy;
			containerPortal = DB4B571821A44A5E00FE8E44 /* Project object */;
			proxyType = 1;
			remoteGlobalIDString = DB4B571F21A44A5E00FE8E44;
			remoteInfo = TP5;
		};
/* End PBXContainerItemProxy section */

/* Begin PBXFileReference section */
		DB3077BF21B6BF8F00CC9D51 /* TestMain.swift */ = {isa = PBXFileReference; lastKnownFileType = sourcecode.swift; path = TestMain.swift; sourceTree = "<group>"; };
		DB3077C121B6CB6000CC9D51 /* Argent.swift */ = {isa = PBXFileReference; fileEncoding = 4; lastKnownFileType = sourcecode.swift; name = Argent.swift; path = ../../../Downloads/Argent.swift; sourceTree = "<group>"; };
		DB4B572021A44A5E00FE8E44 /* TP5.app */ = {isa = PBXFileReference; explicitFileType = wrapper.application; includeInIndex = 0; path = TP5.app; sourceTree = BUILT_PRODUCTS_DIR; };
		DB4B572321A44A5E00FE8E44 /* AppDelegate.swift */ = {isa = PBXFileReference; lastKnownFileType = sourcecode.swift; path = AppDelegate.swift; sourceTree = "<group>"; };
		DB4B572821A44A5F00FE8E44 /* Base */ = {isa = PBXFileReference; lastKnownFileType = file.xib; name = Base; path = Base.lproj/MainMenu.xib; sourceTree = "<group>"; };
		DB4B572A21A44A5F00FE8E44 /* Info.plist */ = {isa = PBXFileReference; lastKnownFileType = text.plist.xml; path = Info.plist; sourceTree = "<group>"; };
		DB4B572B21A44A5F00FE8E44 /* TP5.entitlements */ = {isa = PBXFileReference; lastKnownFileType = text.plist.entitlements; path = TP5.entitlements; sourceTree = "<group>"; };
		DB4B573021A44A6000FE8E44 /* TP5Tests.xctest */ = {isa = PBXFileReference; explicitFileType = wrapper.cfbundle; includeInIndex = 0; path = TP5Tests.xctest; sourceTree = BUILT_PRODUCTS_DIR; };
		DB4B573421A44A6000FE8E44 /* TP5Tests.swift */ = {isa = PBXFileReference; lastKnownFileType = sourcecode.swift; path = TP5Tests.swift; sourceTree = "<group>"; };
		DB4B573621A44A6000FE8E44 /* Info.plist */ = {isa = PBXFileReference; lastKnownFileType = text.plist.xml; path = Info.plist; sourceTree = "<group>"; };
		DB4B573B21A44A6000FE8E44 /* TP5UITests.xctest */ = {isa = PBXFileReference; explicitFileType = wrapper.cfbundle; includeInIndex = 0; path = TP5UITests.xctest; sourceTree = BUILT_PRODUCTS_DIR; };
		DB4B573F21A44A6000FE8E44 /* TP5UITests.swift */ = {isa = PBXFileReference; lastKnownFileType = sourcecode.swift; path = TP5UITests.swift; sourceTree = "<group>"; };
		DB4B574121A44A6000FE8E44 /* Info.plist */ = {isa = PBXFileReference; lastKnownFileType = text.plist.xml; path = Info.plist; sourceTree = "<group>"; };
		DB4B574D21A44A9100FE8E44 /* Paquet.swift */ = {isa = PBXFileReference; fileEncoding = 4; lastKnownFileType = sourcecode.swift; name = Paquet.swift; path = ../../Cartes/Cartes/Paquet.swift; sourceTree = "<group>"; };
		DB4B574F21A44A9F00FE8E44 /* Carte.swift */ = {isa = PBXFileReference; fileEncoding = 4; lastKnownFileType = sourcecode.swift; name = Carte.swift; path = ../../Cartes/Cartes/Carte.swift; sourceTree = "<group>"; };
		DB4B575121A44AC600FE8E44 /* Assets.xcassets */ = {isa = PBXFileReference; lastKnownFileType = folder.assetcatalog; path = Assets.xcassets; sourceTree = "<group>"; };
		DB4B575321A44BB400FE8E44 /* CarteView.swift */ = {isa = PBXFileReference; lastKnownFileType = sourcecode.swift; path = CarteView.swift; sourceTree = "<group>"; };
		DB4B74EC21AD836800AFF3D3 /* TapisValues.swift */ = {isa = PBXFileReference; lastKnownFileType = sourcecode.swift; path = TapisValues.swift; sourceTree = "<group>"; };
/* End PBXFileReference section */

/* Begin PBXFrameworksBuildPhase section */
		DB4B571D21A44A5E00FE8E44 /* Frameworks */ = {
			isa = PBXFrameworksBuildPhase;
			buildActionMask = 2147483647;
			files = (
			);
			runOnlyForDeploymentPostprocessing = 0;
		};
		DB4B572D21A44A6000FE8E44 /* Frameworks */ = {
			isa = PBXFrameworksBuildPhase;
			buildActionMask = 2147483647;
			files = (
			);
			runOnlyForDeploymentPostprocessing = 0;
		};
		DB4B573821A44A6000FE8E44 /* Frameworks */ = {
			isa = PBXFrameworksBuildPhase;
			buildActionMask = 2147483647;
			files = (
			);
			runOnlyForDeploymentPostprocessing = 0;
		};
/* End PBXFrameworksBuildPhase section */

/* Begin PBXGroup section */
		DB4B571721A44A5E00FE8E44 = {
			isa = PBXGroup;
			children = (
				DB4B572221A44A5E00FE8E44 /* TP5 */,
				DB4B573321A44A6000FE8E44 /* TP5Tests */,
				DB4B573E21A44A6000FE8E44 /* TP5UITests */,
				DB4B572121A44A5E00FE8E44 /* Products */,
			);
			sourceTree = "<group>";
		};
		DB4B572121A44A5E00FE8E44 /* Products */ = {
			isa = PBXGroup;
			children = (
				DB4B572021A44A5E00FE8E44 /* TP5.app */,
				DB4B573021A44A6000FE8E44 /* TP5Tests.xctest */,
				DB4B573B21A44A6000FE8E44 /* TP5UITests.xctest */,
			);
			name = Products;
			sourceTree = "<group>";
		};
		DB4B572221A44A5E00FE8E44 /* TP5 */ = {
			isa = PBXGroup;
			children = (
				DB4B575321A44BB400FE8E44 /* CarteView.swift */,
				DB4B574F21A44A9F00FE8E44 /* Carte.swift */,
				DB4B574D21A44A9100FE8E44 /* Paquet.swift */,
				DB4B572321A44A5E00FE8E44 /* AppDelegate.swift */,
				DB4B575121A44AC600FE8E44 /* Assets.xcassets */,
				DB4B572721A44A5F00FE8E44 /* MainMenu.xib */,
				DB4B572A21A44A5F00FE8E44 /* Info.plist */,
				DB4B572B21A44A5F00FE8E44 /* TP5.entitlements */,
				DB4B74EC21AD836800AFF3D3 /* TapisValues.swift */,
				DB3077BF21B6BF8F00CC9D51 /* TestMain.swift */,
				DB3077C121B6CB6000CC9D51 /* Argent.swift */,
			);
			path = TP5;
			sourceTree = "<group>";
		};
		DB4B573321A44A6000FE8E44 /* TP5Tests */ = {
			isa = PBXGroup;
			children = (
				DB4B573421A44A6000FE8E44 /* TP5Tests.swift */,
				DB4B573621A44A6000FE8E44 /* Info.plist */,
			);
			path = TP5Tests;
			sourceTree = "<group>";
		};
		DB4B573E21A44A6000FE8E44 /* TP5UITests */ = {
			isa = PBXGroup;
			children = (
				DB4B573F21A44A6000FE8E44 /* TP5UITests.swift */,
				DB4B574121A44A6000FE8E44 /* Info.plist */,
			);
			path = TP5UITests;
			sourceTree = "<group>";
		};
/* End PBXGroup section */

/* Begin PBXNativeTarget section */
		DB4B571F21A44A5E00FE8E44 /* TP5 */ = {
			isa = PBXNativeTarget;
			buildConfigurationList = DB4B574421A44A6000FE8E44 /* Build configuration list for PBXNativeTarget "TP5" */;
			buildPhases = (
				DB4B571C21A44A5E00FE8E44 /* Sources */,
				DB4B571D21A44A5E00FE8E44 /* Frameworks */,
				DB4B571E21A44A5E00FE8E44 /* Resources */,
			);
			buildRules = (
			);
			dependencies = (
			);
			name = TP5;
			productName = TP5;
			productReference = DB4B572021A44A5E00FE8E44 /* TP5.app */;
			productType = "com.apple.product-type.application";
		};
		DB4B572F21A44A6000FE8E44 /* TP5Tests */ = {
			isa = PBXNativeTarget;
			buildConfigurationList = DB4B574721A44A6000FE8E44 /* Build configuration list for PBXNativeTarget "TP5Tests" */;
			buildPhases = (
				DB4B572C21A44A6000FE8E44 /* Sources */,
				DB4B572D21A44A6000FE8E44 /* Frameworks */,
				DB4B572E21A44A6000FE8E44 /* Resources */,
			);
			buildRules = (
			);
			dependencies = (
				DB4B573221A44A6000FE8E44 /* PBXTargetDependency */,
			);
			name = TP5Tests;
			productName = TP5Tests;
			productReference = DB4B573021A44A6000FE8E44 /* TP5Tests.xctest */;
			productType = "com.apple.product-type.bundle.unit-test";
		};
		DB4B573A21A44A6000FE8E44 /* TP5UITests */ = {
			isa = PBXNativeTarget;
			buildConfigurationList = DB4B574A21A44A6000FE8E44 /* Build configuration list for PBXNativeTarget "TP5UITests" */;
			buildPhases = (
				DB4B573721A44A6000FE8E44 /* Sources */,
				DB4B573821A44A6000FE8E44 /* Frameworks */,
				DB4B573921A44A6000FE8E44 /* Resources */,
			);
			buildRules = (
			);
			dependencies = (
				DB4B573D21A44A6000FE8E44 /* PBXTargetDependency */,
			);
			name = TP5UITests;
			productName = TP5UITests;
			productReference = DB4B573B21A44A6000FE8E44 /* TP5UITests.xctest */;
			productType = "com.apple.product-type.bundle.ui-testing";
		};
/* End PBXNativeTarget section */

/* Begin PBXProject section */
		DB4B571821A44A5E00FE8E44 /* Project object */ = {
			isa = PBXProject;
			attributes = {
				LastSwiftUpdateCheck = 1000;
				LastUpgradeCheck = 1000;
				ORGANIZATIONNAME = "ROCHETTE Nicolas";
				TargetAttributes = {
					DB4B571F21A44A5E00FE8E44 = {
						CreatedOnToolsVersion = 10.0;
					};
					DB4B572F21A44A6000FE8E44 = {
						CreatedOnToolsVersion = 10.0;
						TestTargetID = DB4B571F21A44A5E00FE8E44;
					};
					DB4B573A21A44A6000FE8E44 = {
						CreatedOnToolsVersion = 10.0;
						TestTargetID = DB4B571F21A44A5E00FE8E44;
					};
				};
			};
			buildConfigurationList = DB4B571B21A44A5E00FE8E44 /* Build configuration list for PBXProject "TP5" */;
			compatibilityVersion = "Xcode 9.3";
			developmentRegion = en;
			hasScannedForEncodings = 0;
			knownRegions = (
				en,
				Base,
			);
			mainGroup = DB4B571721A44A5E00FE8E44;
			productRefGroup = DB4B572121A44A5E00FE8E44 /* Products */;
			projectDirPath = "";
			projectRoot = "";
			targets = (
				DB4B571F21A44A5E00FE8E44 /* TP5 */,
				DB4B572F21A44A6000FE8E44 /* TP5Tests */,
				DB4B573A21A44A6000FE8E44 /* TP5UITests */,
			);
		};
/* End PBXProject section */

/* Begin PBXResourcesBuildPhase section */
		DB4B571E21A44A5E00FE8E44 /* Resources */ = {
			isa = PBXResourcesBuildPhase;
			buildActionMask = 2147483647;
			files = (
				DB4B575221A44AC600FE8E44 /* Assets.xcassets in Resources */,
				DB4B572921A44A5F00FE8E44 /* MainMenu.xib in Resources */,
			);
			runOnlyForDeploymentPostprocessing = 0;
		};
		DB4B572E21A44A6000FE8E44 /* Resources */ = {
			isa = PBXResourcesBuildPhase;
			buildActionMask = 2147483647;
			files = (
			);
			runOnlyForDeploymentPostprocessing = 0;
		};
		DB4B573921A44A6000FE8E44 /* Resources */ = {
			isa = PBXResourcesBuildPhase;
			buildActionMask = 2147483647;
			files = (
			);
			runOnlyForDeploymentPostprocessing = 0;
		};
/* End PBXResourcesBuildPhase section */

/* Begin PBXSourcesBuildPhase section */
		DB4B571C21A44A5E00FE8E44 /* Sources */ = {
			isa = PBXSourcesBuildPhase;
			buildActionMask = 2147483647;
			files = (
				DB4B575421A44BB400FE8E44 /* CarteView.swift in Sources */,
				DB4B572421A44A5E00FE8E44 /* AppDelegate.swift in Sources */,
				DB4B575021A44A9F00FE8E44 /* Carte.swift in Sources */,
				DB4B574E21A44A9100FE8E44 /* Paquet.swift in Sources */,
				DB3077C221B6CB6000CC9D51 /* Argent.swift in Sources */,
				DB3077C021B6BF8F00CC9D51 /* TestMain.swift in Sources */,
				DB4B74ED21AD836800AFF3D3 /* TapisValues.swift in Sources */,
			);
			runOnlyForDeploymentPostprocessing = 0;
		};
		DB4B572C21A44A6000FE8E44 /* Sources */ = {
			isa = PBXSourcesBuildPhase;
			buildActionMask = 2147483647;
			files = (
				DB4B573521A44A6000FE8E44 /* TP5Tests.swift in Sources */,
			);
			runOnlyForDeploymentPostprocessing = 0;
		};
		DB4B573721A44A6000FE8E44 /* Sources */ = {
			isa = PBXSourcesBuildPhase;
			buildActionMask = 2147483647;
			files = (
				DB4B574021A44A6000FE8E44 /* TP5UITests.swift in Sources */,
			);
			runOnlyForDeploymentPostprocessing = 0;
		};
/* End PBXSourcesBuildPhase section */

/* Begin PBXTargetDependency section */
		DB4B573221A44A6000FE8E44 /* PBXTargetDependency */ = {
			isa = PBXTargetDependency;
			target = DB4B571F21A44A5E00FE8E44 /* TP5 */;
			targetProxy = DB4B573121A44A6000FE8E44 /* PBXContainerItemProxy */;
		};
		DB4B573D21A44A6000FE8E44 /* PBXTargetDependency */ = {
			isa = PBXTargetDependency;
			target = DB4B571F21A44A5E00FE8E44 /* TP5 */;
			targetProxy = DB4B573C21A44A6000FE8E44 /* PBXContainerItemProxy */;
		};
/* End PBXTargetDependency section */

/* Begin PBXVariantGroup section */
		DB4B572721A44A5F00FE8E44 /* MainMenu.xib */ = {
			isa = PBXVariantGroup;
			children = (
				DB4B572821A44A5F00FE8E44 /* Base */,
			);
			name = MainMenu.xib;
			sourceTree = "<group>";
		};
/* End PBXVariantGroup section */

/* Begin XCBuildConfiguration section */
		DB4B574221A44A6000FE8E44 /* Debug */ = {
			isa = XCBuildConfiguration;
			buildSettings = {
				ALWAYS_SEARCH_USER_PATHS = NO;
				CLANG_ANALYZER_NONNULL = YES;
				CLANG_ANALYZER_NUMBER_OBJECT_CONVERSION = YES_AGGRESSIVE;
				CLANG_CXX_LANGUAGE_STANDARD = "gnu++14";
				CLANG_CXX_LIBRARY = "libc++";
				CLANG_ENABLE_MODULES = YES;
				CLANG_ENABLE_OBJC_ARC = YES;
				CLANG_ENABLE_OBJC_WEAK = YES;
				CLANG_WARN_BLOCK_CAPTURE_AUTORELEASING = YES;
				CLANG_WARN_BOOL_CONVERSION = YES;
				CLANG_WARN_COMMA = YES;
				CLANG_WARN_CONSTANT_CONVERSION = YES;
				CLANG_WARN_DEPRECATED_OBJC_IMPLEMENTATIONS = YES;
				CLANG_WARN_DIRECT_OBJC_ISA_USAGE = YES_ERROR;
				CLANG_WARN_DOCUMENTATION_COMMENTS = YES;
				CLANG_WARN_EMPTY_BODY = YES;
				CLANG_WARN_ENUM_CONVERSION = YES;
				CLANG_WARN_INFINITE_RECURSION = YES;
				CLANG_WARN_INT_CONVERSION = YES;
				CLANG_WARN_NON_LITERAL_NULL_CONVERSION = YES;
				CLANG_WARN_OBJC_IMPLICIT_RETAIN_SELF = YES;
				CLANG_WARN_OBJC_LITERAL_CONVERSION = YES;
				CLANG_WARN_OBJC_ROOT_CLASS = YES_ERROR;
				CLANG_WARN_RANGE_LOOP_ANALYSIS = YES;
				CLANG_WARN_STRICT_PROTOTYPES = YES;
				CLANG_WARN_SUSPICIOUS_MOVE = YES;
				CLANG_WARN_UNGUARDED_AVAILABILITY = YES_AGGRESSIVE;
				CLANG_WARN_UNREACHABLE_CODE = YES;
				CLANG_WARN__DUPLICATE_METHOD_MATCH = YES;
				CODE_SIGN_IDENTITY = "-";
				COPY_PHASE_STRIP = NO;
				DEBUG_INFORMATION_FORMAT = dwarf;
				ENABLE_STRICT_OBJC_MSGSEND = YES;
				ENABLE_TESTABILITY = YES;
				GCC_C_LANGUAGE_STANDARD = gnu11;
				GCC_DYNAMIC_NO_PIC = NO;
				GCC_NO_COMMON_BLOCKS = YES;
				GCC_OPTIMIZATION_LEVEL = 0;
				GCC_PREPROCESSOR_DEFINITIONS = (
					"DEBUG=1",
					"$(inherited)",
				);
				GCC_WARN_64_TO_32_BIT_CONVERSION = YES;
				GCC_WARN_ABOUT_RETURN_TYPE = YES_ERROR;
				GCC_WARN_UNDECLARED_SELECTOR = YES;
				GCC_WARN_UNINITIALIZED_AUTOS = YES_AGGRESSIVE;
				GCC_WARN_UNUSED_FUNCTION = YES;
				GCC_WARN_UNUSED_VARIABLE = YES;
				MACOSX_DEPLOYMENT_TARGET = 10.14;
				MTL_ENABLE_DEBUG_INFO = INCLUDE_SOURCE;
				MTL_FAST_MATH = YES;
				ONLY_ACTIVE_ARCH = YES;
				SDKROOT = macosx;
				SWIFT_ACTIVE_COMPILATION_CONDITIONS = DEBUG;
				SWIFT_OPTIMIZATION_LEVEL = "-Onone";
			};
			name = Debug;
		};
		DB4B574321A44A6000FE8E44 /* Release */ = {
			isa = XCBuildConfiguration;
			buildSettings = {
				ALWAYS_SEARCH_USER_PATHS = NO;
				CLANG_ANALYZER_NONNULL = YES;
				CLANG_ANALYZER_NUMBER_OBJECT_CONVERSION = YES_AGGRESSIVE;
				CLANG_CXX_LANGUAGE_STANDARD = "gnu++14";
				CLANG_CXX_LIBRARY = "libc++";
				CLANG_ENABLE_MODULES = YES;
				CLANG_ENABLE_OBJC_ARC = YES;
				CLANG_ENABLE_OBJC_WEAK = YES;
				CLANG_WARN_BLOCK_CAPTURE_AUTORELEASING = YES;
				CLANG_WARN_BOOL_CONVERSION = YES;
				CLANG_WARN_COMMA = YES;
				CLANG_WARN_CONSTANT_CONVERSION = YES;
				CLANG_WARN_DEPRECATED_OBJC_IMPLEMENTATIONS = YES;
				CLANG_WARN_DIRECT_OBJC_ISA_USAGE = YES_ERROR;
				CLANG_WARN_DOCUMENTATION_COMMENTS = YES;
				CLANG_WARN_EMPTY_BODY = YES;
				CLANG_WARN_ENUM_CONVERSION = YES;
				CLANG_WARN_INFINITE_RECURSION = YES;
				CLANG_WARN_INT_CONVERSION = YES;
				CLANG_WARN_NON_LITERAL_NULL_CONVERSION = YES;
				CLANG_WARN_OBJC_IMPLICIT_RETAIN_SELF = YES;
				CLANG_WARN_OBJC_LITERAL_CONVERSION = YES;
				CLANG_WARN_OBJC_ROOT_CLASS = YES_ERROR;
				CLANG_WARN_RANGE_LOOP_ANALYSIS = YES;
				CLANG_WARN_STRICT_PROTOTYPES = YES;
				CLANG_WARN_SUSPICIOUS_MOVE = YES;
				CLANG_WARN_UNGUARDED_AVAILABILITY = YES_AGGRESSIVE;
				CLANG_WARN_UNREACHABLE_CODE = YES;
				CLANG_WARN__DUPLICATE_METHOD_MATCH = YES;
				CODE_SIGN_IDENTITY = "-";
				COPY_PHASE_STRIP = NO;
				DEBUG_INFORMATION_FORMAT = "dwarf-with-dsym";
				ENABLE_NS_ASSERTIONS = NO;
				ENABLE_STRICT_OBJC_MSGSEND = YES;
				GCC_C_LANGUAGE_STANDARD = gnu11;
				GCC_NO_COMMON_BLOCKS = YES;
				GCC_WARN_64_TO_32_BIT_CONVERSION = YES;
				GCC_WARN_ABOUT_RETURN_TYPE = YES_ERROR;
				GCC_WARN_UNDECLARED_SELECTOR = YES;
				GCC_WARN_UNINITIALIZED_AUTOS = YES_AGGRESSIVE;
				GCC_WARN_UNUSED_FUNCTION = YES;
				GCC_WARN_UNUSED_VARIABLE = YES;
				MACOSX_DEPLOYMENT_TARGET = 10.14;
				MTL_ENABLE_DEBUG_INFO = NO;
				MTL_FAST_MATH = YES;
				SDKROOT = macosx;
				SWIFT_COMPILATION_MODE = wholemodule;
				SWIFT_OPTIMIZATION_LEVEL = "-O";
			};
			name = Release;
		};
		DB4B574521A44A6000FE8E44 /* Debug */ = {
			isa = XCBuildConfiguration;
			buildSettings = {
				ASSETCATALOG_COMPILER_APPICON_NAME = AppIcon;
				CODE_SIGN_ENTITLEMENTS = TP5/TP5.entitlements;
				CODE_SIGN_STYLE = Automatic;
				COMBINE_HIDPI_IMAGES = YES;
				INFOPLIST_FILE = TP5/Info.plist;
				LD_RUNPATH_SEARCH_PATHS = (
					"$(inherited)",
					"@executable_path/../Frameworks",
				);
				PRODUCT_BUNDLE_IDENTIFIER = rn605435.TP5;
				PRODUCT_NAME = "$(TARGET_NAME)";
				SWIFT_VERSION = 4.2;
			};
			name = Debug;
		};
		DB4B574621A44A6000FE8E44 /* Release */ = {
			isa = XCBuildConfiguration;
			buildSettings = {
				ASSETCATALOG_COMPILER_APPICON_NAME = AppIcon;
				CODE_SIGN_ENTITLEMENTS = TP5/TP5.entitlements;
				CODE_SIGN_STYLE = Automatic;
				COMBINE_HIDPI_IMAGES = YES;
				INFOPLIST_FILE = TP5/Info.plist;
				LD_RUNPATH_SEARCH_PATHS = (
					"$(inherited)",
					"@executable_path/../Frameworks",
				);
				PRODUCT_BUNDLE_IDENTIFIER = rn605435.TP5;
				PRODUCT_NAME = "$(TARGET_NAME)";
				SWIFT_VERSION = 4.2;
			};
			name = Release;
		};
		DB4B574821A44A6000FE8E44 /* Debug */ = {
			isa = XCBuildConfiguration;
			buildSettings = {
				ALWAYS_EMBED_SWIFT_STANDARD_LIBRARIES = YES;
				BUNDLE_LOADER = "$(TEST_HOST)";
				CODE_SIGN_STYLE = Automatic;
				COMBINE_HIDPI_IMAGES = YES;
				INFOPLIST_FILE = TP5Tests/Info.plist;
				LD_RUNPATH_SEARCH_PATHS = (
					"$(inherited)",
					"@executable_path/../Frameworks",
					"@loader_path/../Frameworks",
				);
				PRODUCT_BUNDLE_IDENTIFIER = rn605435.TP5Tests;
				PRODUCT_NAME = "$(TARGET_NAME)";
				SWIFT_VERSION = 4.2;
				TEST_HOST = "$(BUILT_PRODUCTS_DIR)/TP5.app/Contents/MacOS/TP5";
			};
			name = Debug;
		};
		DB4B574921A44A6000FE8E44 /* Release */ = {
			isa = XCBuildConfiguration;
			buildSettings = {
				ALWAYS_EMBED_SWIFT_STANDARD_LIBRARIES = YES;
				BUNDLE_LOADER = "$(TEST_HOST)";
				CODE_SIGN_STYLE = Automatic;
				COMBINE_HIDPI_IMAGES = YES;
				INFOPLIST_FILE = TP5Tests/Info.plist;
				LD_RUNPATH_SEARCH_PATHS = (
					"$(inherited)",
					"@executable_path/../Frameworks",
					"@loader_path/../Frameworks",
				);
				PRODUCT_BUNDLE_IDENTIFIER = rn605435.TP5Tests;
				PRODUCT_NAME = "$(TARGET_NAME)";
				SWIFT_VERSION = 4.2;
				TEST_HOST = "$(BUILT_PRODUCTS_DIR)/TP5.app/Contents/MacOS/TP5";
			};
			name = Release;
		};
		DB4B574B21A44A6000FE8E44 /* Debug */ = {
			isa = XCBuildConfiguration;
			buildSettings = {
				ALWAYS_EMBED_SWIFT_STANDARD_LIBRARIES = YES;
				CODE_SIGN_STYLE = Automatic;
				COMBINE_HIDPI_IMAGES = YES;
				INFOPLIST_FILE = TP5UITests/Info.plist;
				LD_RUNPATH_SEARCH_PATHS = (
					"$(inherited)",
					"@executable_path/../Frameworks",
					"@loader_path/../Frameworks",
				);
				PRODUCT_BUNDLE_IDENTIFIER = rn605435.TP5UITests;
				PRODUCT_NAME = "$(TARGET_NAME)";
				SWIFT_VERSION = 4.2;
				TEST_TARGET_NAME = TP5;
			};
			name = Debug;
		};
		DB4B574C21A44A6000FE8E44 /* Release */ = {
			isa = XCBuildConfiguration;
			buildSettings = {
				ALWAYS_EMBED_SWIFT_STANDARD_LIBRARIES = YES;
				CODE_SIGN_STYLE = Automatic;
				COMBINE_HIDPI_IMAGES = YES;
				INFOPLIST_FILE = TP5UITests/Info.plist;
				LD_RUNPATH_SEARCH_PATHS = (
					"$(inherited)",
					"@executable_path/../Frameworks",
					"@loader_path/../Frameworks",
				);
				PRODUCT_BUNDLE_IDENTIFIER = rn605435.TP5UITests;
				PRODUCT_NAME = "$(TARGET_NAME)";
				SWIFT_VERSION = 4.2;
				TEST_TARGET_NAME = TP5;
			};
			name = Release;
		};
/* End XCBuildConfiguration section */

/* Begin XCConfigurationList section */
		DB4B571B21A44A5E00FE8E44 /* Build configuration list for PBXProject "TP5" */ = {
			isa = XCConfigurationList;
			buildConfigurations = (
				DB4B574221A44A6000FE8E44 /* Debug */,
				DB4B574321A44A6000FE8E44 /* Release */,
			);
			defaultConfigurationIsVisible = 0;
			defaultConfigurationName = Release;
		};
		DB4B574421A44A6000FE8E44 /* Build configuration list for PBXNativeTarget "TP5" */ = {
			isa = XCConfigurationList;
			buildConfigurations = (
				DB4B574521A44A6000FE8E44 /* Debug */,
				DB4B574621A44A6000FE8E44 /* Release */,
			);
			defaultConfigurationIsVisible = 0;
			defaultConfigurationName = Release;
		};
		DB4B574721A44A6000FE8E44 /* Build configuration list for PBXNativeTarget "TP5Tests" */ = {
			isa = XCConfigurationList;
			buildConfigurations = (
				DB4B574821A44A6000FE8E44 /* Debug */,
				DB4B574921A44A6000FE8E44 /* Release */,
			);
			defaultConfigurationIsVisible = 0;
			defaultConfigurationName = Release;
		};
		DB4B574A21A44A6000FE8E44 /* Build configuration list for PBXNativeTarget "TP5UITests" */ = {
			isa = XCConfigurationList;
			buildConfigurations = (
				DB4B574B21A44A6000FE8E44 /* Debug */,
				DB4B574C21A44A6000FE8E44 /* Release */,
			);
			defaultConfigurationIsVisible = 0;
			defaultConfigurationName = Release;
		};
/* End XCConfigurationList section */
	};
	rootObject = DB4B571821A44A5E00FE8E44 /* Project object */;
}
